// !$*UTF8*$!
{
	archiveVersion = 1;
	classes = {
	};
	objectVersion = 55;
	objects = {

/* Begin PBXBuildFile section */
		263277D0293C80DF0090B8A2 /* AppDelegate.swift in Sources */ = {isa = PBXBuildFile; fileRef = 263277CF293C80DF0090B8A2 /* AppDelegate.swift */; };
		263277D2293C80DF0090B8A2 /* SceneDelegate.swift in Sources */ = {isa = PBXBuildFile; fileRef = 263277D1293C80DF0090B8A2 /* SceneDelegate.swift */; };
		263277D4293C80DF0090B8A2 /* RemindersViewController.swift in Sources */ = {isa = PBXBuildFile; fileRef = 263277D3293C80DF0090B8A2 /* RemindersViewController.swift */; };
		263277D7293C80DF0090B8A2 /* Main.storyboard in Resources */ = {isa = PBXBuildFile; fileRef = 263277D5293C80DF0090B8A2 /* Main.storyboard */; };
		263277D9293C80E00090B8A2 /* Assets.xcassets in Resources */ = {isa = PBXBuildFile; fileRef = 263277D8293C80E00090B8A2 /* Assets.xcassets */; };
		263277DC293C80E00090B8A2 /* LaunchScreen.storyboard in Resources */ = {isa = PBXBuildFile; fileRef = 263277DA293C80E00090B8A2 /* LaunchScreen.storyboard */; };
		263277E5293C82110090B8A2 /* TableViewCell.swift in Sources */ = {isa = PBXBuildFile; fileRef = 263277E3293C82110090B8A2 /* TableViewCell.swift */; };
		263277E6293C82110090B8A2 /* TableViewCell.xib in Resources */ = {isa = PBXBuildFile; fileRef = 263277E4293C82110090B8A2 /* TableViewCell.xib */; };
		263277EB293C85B60090B8A2 /* SaveReminderController.swift in Sources */ = {isa = PBXBuildFile; fileRef = 263277EA293C85B60090B8A2 /* SaveReminderController.swift */; };
		26EC719A29463D4000EC2F19 /* Reminder.swift in Sources */ = {isa = PBXBuildFile; fileRef = 26EC719929463D4000EC2F19 /* Reminder.swift */; };
		2FA6C28AB0B01B950A99A242 /* Pods_PillReminder.framework in Frameworks */ = {isa = PBXBuildFile; fileRef = F62B3FDDDAA44829CB5F83ED /* Pods_PillReminder.framework */; };
/* End PBXBuildFile section */

/* Begin PBXFileReference section */
		263277CC293C80DF0090B8A2 /* PillReminder.app */ = {isa = PBXFileReference; explicitFileType = wrapper.application; includeInIndex = 0; path = PillReminder.app; sourceTree = BUILT_PRODUCTS_DIR; };
		263277CF293C80DF0090B8A2 /* AppDelegate.swift */ = {isa = PBXFileReference; lastKnownFileType = sourcecode.swift; path = AppDelegate.swift; sourceTree = "<group>"; };
		263277D1293C80DF0090B8A2 /* SceneDelegate.swift */ = {isa = PBXFileReference; lastKnownFileType = sourcecode.swift; path = SceneDelegate.swift; sourceTree = "<group>"; };
		263277D3293C80DF0090B8A2 /* RemindersViewController.swift */ = {isa = PBXFileReference; lastKnownFileType = sourcecode.swift; path = RemindersViewController.swift; sourceTree = "<group>"; };
		263277D6293C80DF0090B8A2 /* Base */ = {isa = PBXFileReference; lastKnownFileType = file.storyboard; name = Base; path = Base.lproj/Main.storyboard; sourceTree = "<group>"; };
		263277D8293C80E00090B8A2 /* Assets.xcassets */ = {isa = PBXFileReference; lastKnownFileType = folder.assetcatalog; path = Assets.xcassets; sourceTree = "<group>"; };
		263277DB293C80E00090B8A2 /* Base */ = {isa = PBXFileReference; lastKnownFileType = file.storyboard; name = Base; path = Base.lproj/LaunchScreen.storyboard; sourceTree = "<group>"; };
		263277DD293C80E00090B8A2 /* Info.plist */ = {isa = PBXFileReference; lastKnownFileType = text.plist.xml; path = Info.plist; sourceTree = "<group>"; };
		263277E3293C82110090B8A2 /* TableViewCell.swift */ = {isa = PBXFileReference; lastKnownFileType = sourcecode.swift; path = TableViewCell.swift; sourceTree = "<group>"; };
		263277E4293C82110090B8A2 /* TableViewCell.xib */ = {isa = PBXFileReference; lastKnownFileType = file.xib; path = TableViewCell.xib; sourceTree = "<group>"; };
		263277EA293C85B60090B8A2 /* SaveReminderController.swift */ = {isa = PBXFileReference; lastKnownFileType = sourcecode.swift; path = SaveReminderController.swift; sourceTree = "<group>"; };
		26EC719929463D4000EC2F19 /* Reminder.swift */ = {isa = PBXFileReference; lastKnownFileType = sourcecode.swift; path = Reminder.swift; sourceTree = "<group>"; };
		4505D4D21B2984C5507E5F89 /* Pods-PillReminder.debug.xcconfig */ = {isa = PBXFileReference; includeInIndex = 1; lastKnownFileType = text.xcconfig; name = "Pods-PillReminder.debug.xcconfig"; path = "Target Support Files/Pods-PillReminder/Pods-PillReminder.debug.xcconfig"; sourceTree = "<group>"; };
		AE8BD0E7B0B1E1DEC44BE6CC /* Pods-PillReminder.release.xcconfig */ = {isa = PBXFileReference; includeInIndex = 1; lastKnownFileType = text.xcconfig; name = "Pods-PillReminder.release.xcconfig"; path = "Target Support Files/Pods-PillReminder/Pods-PillReminder.release.xcconfig"; sourceTree = "<group>"; };
		F62B3FDDDAA44829CB5F83ED /* Pods_PillReminder.framework */ = {isa = PBXFileReference; explicitFileType = wrapper.framework; includeInIndex = 0; path = Pods_PillReminder.framework; sourceTree = BUILT_PRODUCTS_DIR; };
/* End PBXFileReference section */

/* Begin PBXFrameworksBuildPhase section */
		263277C9293C80DF0090B8A2 /* Frameworks */ = {
			isa = PBXFrameworksBuildPhase;
			buildActionMask = 2147483647;
			files = (
				2FA6C28AB0B01B950A99A242 /* Pods_PillReminder.framework in Frameworks */,
			);
			runOnlyForDeploymentPostprocessing = 0;
		};
/* End PBXFrameworksBuildPhase section */

/* Begin PBXGroup section */
		1F02734938DAF89B642239AC /* Frameworks */ = {
			isa = PBXGroup;
			children = (
				F62B3FDDDAA44829CB5F83ED /* Pods_PillReminder.framework */,
			);
			name = Frameworks;
			sourceTree = "<group>";
		};
		263277C3293C80DF0090B8A2 = {
			isa = PBXGroup;
			children = (
				263277CE293C80DF0090B8A2 /* PillReminder */,
				263277CD293C80DF0090B8A2 /* Products */,
				C27681FABBBDE871E0C9B074 /* Pods */,
				1F02734938DAF89B642239AC /* Frameworks */,
			);
			sourceTree = "<group>";
		};
		263277CD293C80DF0090B8A2 /* Products */ = {
			isa = PBXGroup;
			children = (
				263277CC293C80DF0090B8A2 /* PillReminder.app */,
			);
			name = Products;
			sourceTree = "<group>";
		};
		263277CE293C80DF0090B8A2 /* PillReminder */ = {
			isa = PBXGroup;
			children = (
				263277E9293C82320090B8A2 /* Controller */,
				263277E8293C822E0090B8A2 /* Model */,
				263277E7293C821D0090B8A2 /* View */,
				263277CF293C80DF0090B8A2 /* AppDelegate.swift */,
				263277D1293C80DF0090B8A2 /* SceneDelegate.swift */,
				263277D8293C80E00090B8A2 /* Assets.xcassets */,
				263277DA293C80E00090B8A2 /* LaunchScreen.storyboard */,
				263277DD293C80E00090B8A2 /* Info.plist */,
			);
			path = PillReminder;
			sourceTree = "<group>";
		};
		263277E7293C821D0090B8A2 /* View */ = {
			isa = PBXGroup;
			children = (
				263277D5293C80DF0090B8A2 /* Main.storyboard */,
				263277E3293C82110090B8A2 /* TableViewCell.swift */,
				263277E4293C82110090B8A2 /* TableViewCell.xib */,
			);
			path = View;
			sourceTree = "<group>";
		};
		263277E8293C822E0090B8A2 /* Model */ = {
			isa = PBXGroup;
			children = (
				26EC719929463D4000EC2F19 /* Reminder.swift */,
			);
			path = Model;
			sourceTree = "<group>";
		};
		263277E9293C82320090B8A2 /* Controller */ = {
			isa = PBXGroup;
			children = (
				263277D3293C80DF0090B8A2 /* RemindersViewController.swift */,
				263277EA293C85B60090B8A2 /* SaveReminderController.swift */,
			);
			path = Controller;
			sourceTree = "<group>";
		};
		C27681FABBBDE871E0C9B074 /* Pods */ = {
			isa = PBXGroup;
			children = (
				4505D4D21B2984C5507E5F89 /* Pods-PillReminder.debug.xcconfig */,
				AE8BD0E7B0B1E1DEC44BE6CC /* Pods-PillReminder.release.xcconfig */,
			);
			path = Pods;
			sourceTree = "<group>";
		};
/* End PBXGroup section */

/* Begin PBXNativeTarget section */
		263277CB293C80DF0090B8A2 /* PillReminder */ = {
			isa = PBXNativeTarget;
			buildConfigurationList = 263277E0293C80E00090B8A2 /* Build configuration list for PBXNativeTarget "PillReminder" */;
			buildPhases = (
				9D3998D6EDC907F418B325F1 /* [CP] Check Pods Manifest.lock */,
				263277C8293C80DF0090B8A2 /* Sources */,
				263277C9293C80DF0090B8A2 /* Frameworks */,
				263277CA293C80DF0090B8A2 /* Resources */,
				D0B774FE2FFAD178A488F5D5 /* [CP] Embed Pods Frameworks */,
			);
			buildRules = (
			);
			dependencies = (
			);
			name = PillReminder;
			productName = PillReminder;
			productReference = 263277CC293C80DF0090B8A2 /* PillReminder.app */;
			productType = "com.apple.product-type.application";
		};
/* End PBXNativeTarget section */

/* Begin PBXProject section */
		263277C4293C80DF0090B8A2 /* Project object */ = {
			isa = PBXProject;
			attributes = {
				BuildIndependentTargetsInParallel = 1;
				LastSwiftUpdateCheck = 1410;
				LastUpgradeCheck = 1410;
				TargetAttributes = {
					263277CB293C80DF0090B8A2 = {
						CreatedOnToolsVersion = 14.1;
					};
				};
			};
			buildConfigurationList = 263277C7293C80DF0090B8A2 /* Build configuration list for PBXProject "PillReminder" */;
			compatibilityVersion = "Xcode 13.0";
			developmentRegion = en;
			hasScannedForEncodings = 0;
			knownRegions = (
				en,
				Base,
			);
			mainGroup = 263277C3293C80DF0090B8A2;
			productRefGroup = 263277CD293C80DF0090B8A2 /* Products */;
			projectDirPath = "";
			projectRoot = "";
			targets = (
				263277CB293C80DF0090B8A2 /* PillReminder */,
			);
		};
/* End PBXProject section */

/* Begin PBXResourcesBuildPhase section */
		263277CA293C80DF0090B8A2 /* Resources */ = {
			isa = PBXResourcesBuildPhase;
			buildActionMask = 2147483647;
			files = (
				263277DC293C80E00090B8A2 /* LaunchScreen.storyboard in Resources */,
				263277E6293C82110090B8A2 /* TableViewCell.xib in Resources */,
				263277D9293C80E00090B8A2 /* Assets.xcassets in Resources */,
				263277D7293C80DF0090B8A2 /* Main.storyboard in Resources */,
			);
			runOnlyForDeploymentPostprocessing = 0;
		};
/* End PBXResourcesBuildPhase section */

/* Begin PBXShellScriptBuildPhase section */
		9D3998D6EDC907F418B325F1 /* [CP] Check Pods Manifest.lock */ = {
			isa = PBXShellScriptBuildPhase;
			buildActionMask = 2147483647;
			files = (
			);
			inputFileListPaths = (
			);
			inputPaths = (
				"${PODS_PODFILE_DIR_PATH}/Podfile.lock",
				"${PODS_ROOT}/Manifest.lock",
			);
			name = "[CP] Check Pods Manifest.lock";
			outputFileListPaths = (
			);
			outputPaths = (
				"$(DERIVED_FILE_DIR)/Pods-PillReminder-checkManifestLockResult.txt",
			);
			runOnlyForDeploymentPostprocessing = 0;
			shellPath = /bin/sh;
			shellScript = "diff \"${PODS_PODFILE_DIR_PATH}/Podfile.lock\" \"${PODS_ROOT}/Manifest.lock\" > /dev/null\nif [ $? != 0 ] ; then\n    # print error to STDERR\n    echo \"error: The sandbox is not in sync with the Podfile.lock. Run 'pod install' or update your CocoaPods installation.\" >&2\n    exit 1\nfi\n# This output is used by Xcode 'outputs' to avoid re-running this script phase.\necho \"SUCCESS\" > \"${SCRIPT_OUTPUT_FILE_0}\"\n";
			showEnvVarsInLog = 0;
		};
		D0B774FE2FFAD178A488F5D5 /* [CP] Embed Pods Frameworks */ = {
			isa = PBXShellScriptBuildPhase;
			buildActionMask = 2147483647;
			files = (
			);
			inputFileListPaths = (
				"${PODS_ROOT}/Target Support Files/Pods-PillReminder/Pods-PillReminder-frameworks-${CONFIGURATION}-input-files.xcfilelist",
			);
			name = "[CP] Embed Pods Frameworks";
			outputFileListPaths = (
				"${PODS_ROOT}/Target Support Files/Pods-PillReminder/Pods-PillReminder-frameworks-${CONFIGURATION}-output-files.xcfilelist",
			);
			runOnlyForDeploymentPostprocessing = 0;
			shellPath = /bin/sh;
			shellScript = "\"${PODS_ROOT}/Target Support Files/Pods-PillReminder/Pods-PillReminder-frameworks.sh\"\n";
			showEnvVarsInLog = 0;
		};
/* End PBXShellScriptBuildPhase section */

/* Begin PBXSourcesBuildPhase section */
		263277C8293C80DF0090B8A2 /* Sources */ = {
			isa = PBXSourcesBuildPhase;
			buildActionMask = 2147483647;
			files = (
				263277EB293C85B60090B8A2 /* SaveReminderController.swift in Sources */,
				263277D4293C80DF0090B8A2 /* RemindersViewController.swift in Sources */,
				263277E5293C82110090B8A2 /* TableViewCell.swift in Sources */,
				26EC719A29463D4000EC2F19 /* Reminder.swift in Sources */,
				263277D0293C80DF0090B8A2 /* AppDelegate.swift in Sources */,
				263277D2293C80DF0090B8A2 /* SceneDelegate.swift in Sources */,
			);
			runOnlyForDeploymentPostprocessing = 0;
		};
/* End PBXSourcesBuildPhase section */

/* Begin PBXVariantGroup section */
		263277D5293C80DF0090B8A2 /* Main.storyboard */ = {
			isa = PBXVariantGroup;
			children = (
				263277D6293C80DF0090B8A2 /* Base */,
			);
			name = Main.storyboard;
			sourceTree = "<group>";
		};
		263277DA293C80E00090B8A2 /* LaunchScreen.storyboard */ = {
			isa = PBXVariantGroup;
			children = (
				263277DB293C80E00090B8A2 /* Base */,
			);
			name = LaunchScreen.storyboard;
			sourceTree = "<group>";
		};
/* End PBXVariantGroup section */

/* Begin XCBuildConfiguration section */
		263277DE293C80E00090B8A2 /* Debug */ = {
			isa = XCBuildConfiguration;
			buildSettings = {
				ALWAYS_SEARCH_USER_PATHS = NO;
				CLANG_ANALYZER_NONNULL = YES;
				CLANG_ANALYZER_NUMBER_OBJECT_CONVERSION = YES_AGGRESSIVE;
				CLANG_CXX_LANGUAGE_STANDARD = "gnu++20";
				CLANG_ENABLE_MODULES = YES;
				CLANG_ENABLE_OBJC_ARC = YES;
				CLANG_ENABLE_OBJC_WEAK = YES;
				CLANG_WARN_BLOCK_CAPTURE_AUTORELEASING = YES;
				CLANG_WARN_BOOL_CONVERSION = YES;
				CLANG_WARN_COMMA = YES;
				CLANG_WARN_CONSTANT_CONVERSION = YES;
				CLANG_WARN_DEPRECATED_OBJC_IMPLEMENTATIONS = YES;
				CLANG_WARN_DIRECT_OBJC_ISA_USAGE = YES_ERROR;
				CLANG_WARN_DOCUMENTATION_COMMENTS = YES;
				CLANG_WARN_EMPTY_BODY = YES;
				CLANG_WARN_ENUM_CONVERSION = YES;
				CLANG_WARN_INFINITE_RECURSION = YES;
				CLANG_WARN_INT_CONVERSION = YES;
				CLANG_WARN_NON_LITERAL_NULL_CONVERSION = YES;
				CLANG_WARN_OBJC_IMPLICIT_RETAIN_SELF = YES;
				CLANG_WARN_OBJC_LITERAL_CONVERSION = YES;
				CLANG_WARN_OBJC_ROOT_CLASS = YES_ERROR;
				CLANG_WARN_QUOTED_INCLUDE_IN_FRAMEWORK_HEADER = YES;
				CLANG_WARN_RANGE_LOOP_ANALYSIS = YES;
				CLANG_WARN_STRICT_PROTOTYPES = YES;
				CLANG_WARN_SUSPICIOUS_MOVE = YES;
				CLANG_WARN_UNGUARDED_AVAILABILITY = YES_AGGRESSIVE;
				CLANG_WARN_UNREACHABLE_CODE = YES;
				CLANG_WARN__DUPLICATE_METHOD_MATCH = YES;
				COPY_PHASE_STRIP = NO;
				DEBUG_INFORMATION_FORMAT = dwarf;
				ENABLE_STRICT_OBJC_MSGSEND = YES;
				ENABLE_TESTABILITY = YES;
				GCC_C_LANGUAGE_STANDARD = gnu11;
				GCC_DYNAMIC_NO_PIC = NO;
				GCC_NO_COMMON_BLOCKS = YES;
				GCC_OPTIMIZATION_LEVEL = 0;
				GCC_PREPROCESSOR_DEFINITIONS = (
					"DEBUG=1",
					"$(inherited)",
				);
				GCC_WARN_64_TO_32_BIT_CONVERSION = YES;
				GCC_WARN_ABOUT_RETURN_TYPE = YES_ERROR;
				GCC_WARN_UNDECLARED_SELECTOR = YES;
				GCC_WARN_UNINITIALIZED_AUTOS = YES_AGGRESSIVE;
				GCC_WARN_UNUSED_FUNCTION = YES;
				GCC_WARN_UNUSED_VARIABLE = YES;
				IPHONEOS_DEPLOYMENT_TARGET = 16.1;
				MTL_ENABLE_DEBUG_INFO = INCLUDE_SOURCE;
				MTL_FAST_MATH = YES;
				ONLY_ACTIVE_ARCH = YES;
				SDKROOT = iphoneos;
				SWIFT_ACTIVE_COMPILATION_CONDITIONS = DEBUG;
				SWIFT_OPTIMIZATION_LEVEL = "-Onone";
			};
			name = Debug;
		};
		263277DF293C80E00090B8A2 /* Release */ = {
			isa = XCBuildConfiguration;
			buildSettings = {
				ALWAYS_SEARCH_USER_PATHS = NO;
				CLANG_ANALYZER_NONNULL = YES;
				CLANG_ANALYZER_NUMBER_OBJECT_CONVERSION = YES_AGGRESSIVE;
				CLANG_CXX_LANGUAGE_STANDARD = "gnu++20";
				CLANG_ENABLE_MODULES = YES;
				CLANG_ENABLE_OBJC_ARC = YES;
				CLANG_ENABLE_OBJC_WEAK = YES;
				CLANG_WARN_BLOCK_CAPTURE_AUTORELEASING = YES;
				CLANG_WARN_BOOL_CONVERSION = YES;
				CLANG_WARN_COMMA = YES;
				CLANG_WARN_CONSTANT_CONVERSION = YES;
				CLANG_WARN_DEPRECATED_OBJC_IMPLEMENTATIONS = YES;
				CLANG_WARN_DIRECT_OBJC_ISA_USAGE = YES_ERROR;
				CLANG_WARN_DOCUMENTATION_COMMENTS = YES;
				CLANG_WARN_EMPTY_BODY = YES;
				CLANG_WARN_ENUM_CONVERSION = YES;
				CLANG_WARN_INFINITE_RECURSION = YES;
				CLANG_WARN_INT_CONVERSION = YES;
				CLANG_WARN_NON_LITERAL_NULL_CONVERSION = YES;
				CLANG_WARN_OBJC_IMPLICIT_RETAIN_SELF = YES;
				CLANG_WARN_OBJC_LITERAL_CONVERSION = YES;
				CLANG_WARN_OBJC_ROOT_CLASS = YES_ERROR;
				CLANG_WARN_QUOTED_INCLUDE_IN_FRAMEWORK_HEADER = YES;
				CLANG_WARN_RANGE_LOOP_ANALYSIS = YES;
				CLANG_WARN_STRICT_PROTOTYPES = YES;
				CLANG_WARN_SUSPICIOUS_MOVE = YES;
				CLANG_WARN_UNGUARDED_AVAILABILITY = YES_AGGRESSIVE;
				CLANG_WARN_UNREACHABLE_CODE = YES;
				CLANG_WARN__DUPLICATE_METHOD_MATCH = YES;
				COPY_PHASE_STRIP = NO;
				DEBUG_INFORMATION_FORMAT = "dwarf-with-dsym";
				ENABLE_NS_ASSERTIONS = NO;
				ENABLE_STRICT_OBJC_MSGSEND = YES;
				GCC_C_LANGUAGE_STANDARD = gnu11;
				GCC_NO_COMMON_BLOCKS = YES;
				GCC_WARN_64_TO_32_BIT_CONVERSION = YES;
				GCC_WARN_ABOUT_RETURN_TYPE = YES_ERROR;
				GCC_WARN_UNDECLARED_SELECTOR = YES;
				GCC_WARN_UNINITIALIZED_AUTOS = YES_AGGRESSIVE;
				GCC_WARN_UNUSED_FUNCTION = YES;
				GCC_WARN_UNUSED_VARIABLE = YES;
				IPHONEOS_DEPLOYMENT_TARGET = 16.1;
				MTL_ENABLE_DEBUG_INFO = NO;
				MTL_FAST_MATH = YES;
				SDKROOT = iphoneos;
				SWIFT_COMPILATION_MODE = wholemodule;
				SWIFT_OPTIMIZATION_LEVEL = "-O";
				VALIDATE_PRODUCT = YES;
			};
			name = Release;
		};
		263277E1293C80E00090B8A2 /* Debug */ = {
			isa = XCBuildConfiguration;
			baseConfigurationReference = 4505D4D21B2984C5507E5F89 /* Pods-PillReminder.debug.xcconfig */;
			buildSettings = {
				ASSETCATALOG_COMPILER_APPICON_NAME = AppIcon;
				ASSETCATALOG_COMPILER_GLOBAL_ACCENT_COLOR_NAME = AccentColor;
				CODE_SIGN_STYLE = Automatic;
				CURRENT_PROJECT_VERSION = 1;
				GENERATE_INFOPLIST_FILE = YES;
				INFOPLIST_FILE = PillReminder/Info.plist;
				INFOPLIST_KEY_UIApplicationSupportsIndirectInputEvents = YES;
				INFOPLIST_KEY_UILaunchStoryboardName = LaunchScreen;
				INFOPLIST_KEY_UIMainStoryboardFile = Main;
				INFOPLIST_KEY_UISupportedInterfaceOrientations_iPad = "UIInterfaceOrientationPortrait UIInterfaceOrientationPortraitUpsideDown UIInterfaceOrientationLandscapeLeft UIInterfaceOrientationLandscapeRight";
				INFOPLIST_KEY_UISupportedInterfaceOrientations_iPhone = "UIInterfaceOrientationPortrait UIInterfaceOrientationLandscapeLeft UIInterfaceOrientationLandscapeRight";
				LD_RUNPATH_SEARCH_PATHS = (
					"$(inherited)",
					"@executable_path/Frameworks",
				);
				MARKETING_VERSION = 1.0;
				PRODUCT_BUNDLE_IDENTIFIER = com.drknozan.PillReminder;
				PRODUCT_NAME = "$(TARGET_NAME)";
				SWIFT_EMIT_LOC_STRINGS = YES;
				SWIFT_VERSION = 5.0;
				TARGETED_DEVICE_FAMILY = "1,2";
			};
			name = Debug;
		};
		263277E2293C80E00090B8A2 /* Release */ = {
			isa = XCBuildConfiguration;
			baseConfigurationReference = AE8BD0E7B0B1E1DEC44BE6CC /* Pods-PillReminder.release.xcconfig */;
			buildSettings = {
				ASSETCATALOG_COMPILER_APPICON_NAME = AppIcon;
				ASSETCATALOG_COMPILER_GLOBAL_ACCENT_COLOR_NAME = AccentColor;
				CODE_SIGN_STYLE = Automatic;
				CURRENT_PROJECT_VERSION = 1;
				GENERATE_INFOPLIST_FILE = YES;
				INFOPLIST_FILE = PillReminder/Info.plist;
				INFOPLIST_KEY_UIApplicationSupportsIndirectInputEvents = YES;
				INFOPLIST_KEY_UILaunchStoryboardName = LaunchScreen;
				INFOPLIST_KEY_UIMainStoryboardFile = Main;
				INFOPLIST_KEY_UISupportedInterfaceOrientations_iPad = "UIInterfaceOrientationPortrait UIInterfaceOrientationPortraitUpsideDown UIInterfaceOrientationLandscapeLeft UIInterfaceOrientationLandscapeRight";
				INFOPLIST_KEY_UISupportedInterfaceOrientations_iPhone = "UIInterfaceOrientationPortrait UIInterfaceOrientationLandscapeLeft UIInterfaceOrientationLandscapeRight";
				LD_RUNPATH_SEARCH_PATHS = (
					"$(inherited)",
					"@executable_path/Frameworks",
				);
				MARKETING_VERSION = 1.0;
				PRODUCT_BUNDLE_IDENTIFIER = com.drknozan.PillReminder;
				PRODUCT_NAME = "$(TARGET_NAME)";
				SWIFT_EMIT_LOC_STRINGS = YES;
				SWIFT_VERSION = 5.0;
				TARGETED_DEVICE_FAMILY = "1,2";
			};
			name = Release;
		};
/* End XCBuildConfiguration section */

/* Begin XCConfigurationList section */
		263277C7293C80DF0090B8A2 /* Build configuration list for PBXProject "PillReminder" */ = {
			isa = XCConfigurationList;
			buildConfigurations = (
				263277DE293C80E00090B8A2 /* Debug */,
				263277DF293C80E00090B8A2 /* Release */,
			);
			defaultConfigurationIsVisible = 0;
			defaultConfigurationName = Release;
		};
		263277E0293C80E00090B8A2 /* Build configuration list for PBXNativeTarget "PillReminder" */ = {
			isa = XCConfigurationList;
			buildConfigurations = (
				263277E1293C80E00090B8A2 /* Debug */,
				263277E2293C80E00090B8A2 /* Release */,
			);
			defaultConfigurationIsVisible = 0;
			defaultConfigurationName = Release;
		};
/* End XCConfigurationList section */
	};
	rootObject = 263277C4293C80DF0090B8A2 /* Project object */;
}
